
Microsoft Visual Studio Solution File, Format Version 12.00
# Visual Studio Version 16
VisualStudioVersion = 16.0.30128.74
MinimumVisualStudioVersion = 10.0.40219.1
Project("{FAE04EC0-301F-11D3-BF4B-00C04F79EFBC}") = "SolarSystemVisualizer", "SolarSystemVisualizer\SolarSystemVisualizer.csproj", "{5128C18D-E62A-4FE1-9B80-429E27DF7D49}"
EndProject
Global
	GlobalSection(SolutionConfigurationPlatforms) = preSolution
		Debug|Any CPU = Debug|Any CPU
		Release|Any CPU = Release|Any CPU
	EndGlobalSection
	GlobalSection(ProjectConfigurationPlatforms) = postSolution
		{5128C18D-E62A-4FE1-9B80-429E27DF7D49}.Debug|Any CPU.ActiveCfg = Debug|Any CPU
		{5128C18D-E62A-4FE1-9B80-429E27DF7D49}.Debug|Any CPU.Build.0 = Debug|Any CPU
		{5128C18D-E62A-4FE1-9B80-429E27DF7D49}.Release|Any CPU.ActiveCfg = Release|Any CPU
		{5128C18D-E62A-4FE1-9B80-429E27DF7D49}.Release|Any CPU.Build.0 = Release|Any CPU
	EndGlobalSection
	GlobalSection(SolutionProperties) = preSolution
		HideSolutionNode = FALSE
	EndGlobalSection
	GlobalSection(ExtensibilityGlobals) = postSolution
		SolutionGuid = {CB87CE04-6085-444A-B2E6-1AD10A50B065}
	EndGlobalSection
EndGlobal
